
Microsoft Visual Studio Solution File, Format Version 12.00
# Visual Studio Version 16
VisualStudioVersion = 16.0.31402.337
MinimumVisualStudioVersion = 10.0.40219.1
Project("{FAE04EC0-301F-11D3-BF4B-00C04F79EFBC}") = "bookUI", "bookUI\bookUI.csproj", "{2E5F13BA-3432-452E-804D-FD63878056B1}"
EndProject
Project("{FAE04EC0-301F-11D3-BF4B-00C04F79EFBC}") = "bookDB", "bookDB\bookDB.csproj", "{8DE22234-F236-410F-82B2-C898D7022DC5}"
EndProject
Project("{FAE04EC0-301F-11D3-BF4B-00C04F79EFBC}") = "bookApp", "bookApp\bookApp.csproj", "{78DB77ED-0B84-4CDC-83E5-0C1204723221}"
EndProject
Global
	GlobalSection(SolutionConfigurationPlatforms) = preSolution
		Debug|Any CPU = Debug|Any CPU
		Release|Any CPU = Release|Any CPU
	EndGlobalSection
	GlobalSection(ProjectConfigurationPlatforms) = postSolution
		{2E5F13BA-3432-452E-804D-FD63878056B1}.Debug|Any CPU.ActiveCfg = Debug|Any CPU
		{2E5F13BA-3432-452E-804D-FD63878056B1}.Debug|Any CPU.Build.0 = Debug|Any CPU
		{2E5F13BA-3432-452E-804D-FD63878056B1}.Release|Any CPU.ActiveCfg = Release|Any CPU
		{2E5F13BA-3432-452E-804D-FD63878056B1}.Release|Any CPU.Build.0 = Release|Any CPU
		{8DE22234-F236-410F-82B2-C898D7022DC5}.Debug|Any CPU.ActiveCfg = Debug|Any CPU
		{8DE22234-F236-410F-82B2-C898D7022DC5}.Debug|Any CPU.Build.0 = Debug|Any CPU
		{8DE22234-F236-410F-82B2-C898D7022DC5}.Release|Any CPU.ActiveCfg = Release|Any CPU
		{8DE22234-F236-410F-82B2-C898D7022DC5}.Release|Any CPU.Build.0 = Release|Any CPU
		{78DB77ED-0B84-4CDC-83E5-0C1204723221}.Debug|Any CPU.ActiveCfg = Debug|Any CPU
		{78DB77ED-0B84-4CDC-83E5-0C1204723221}.Debug|Any CPU.Build.0 = Debug|Any CPU
		{78DB77ED-0B84-4CDC-83E5-0C1204723221}.Release|Any CPU.ActiveCfg = Release|Any CPU
		{78DB77ED-0B84-4CDC-83E5-0C1204723221}.Release|Any CPU.Build.0 = Release|Any CPU
	EndGlobalSection
	GlobalSection(SolutionProperties) = preSolution
		HideSolutionNode = FALSE
	EndGlobalSection
	GlobalSection(ExtensibilityGlobals) = postSolution
		SolutionGuid = {ACB5549A-58D0-488D-99DB-F6CD266DF93F}
	EndGlobalSection
EndGlobal
