
Microsoft Visual Studio Solution File, Format Version 12.00
# Visual Studio Version 16
VisualStudioVersion = 16.0.31402.337
MinimumVisualStudioVersion = 10.0.40219.1
Project("{FAE04EC0-301F-11D3-BF4B-00C04F79EFBC}") = "WindowsFormsApp1", "WindowsFormsApp1.csproj", "{37883B08-37A1-4EC7-BD88-C696148A463E}"
EndProject
Global
	GlobalSection(SolutionConfigurationPlatforms) = preSolution
		Debug|Any CPU = Debug|Any CPU
		Release|Any CPU = Release|Any CPU
	EndGlobalSection
	GlobalSection(ProjectConfigurationPlatforms) = postSolution
		{37883B08-37A1-4EC7-BD88-C696148A463E}.Debug|Any CPU.ActiveCfg = Debug|Any CPU
		{37883B08-37A1-4EC7-BD88-C696148A463E}.Debug|Any CPU.Build.0 = Debug|Any CPU
		{37883B08-37A1-4EC7-BD88-C696148A463E}.Release|Any CPU.ActiveCfg = Release|Any CPU
		{37883B08-37A1-4EC7-BD88-C696148A463E}.Release|Any CPU.Build.0 = Release|Any CPU
	EndGlobalSection
	GlobalSection(SolutionProperties) = preSolution
		HideSolutionNode = FALSE
	EndGlobalSection
	GlobalSection(ExtensibilityGlobals) = postSolution
		SolutionGuid = {42DAABE6-9FCA-45FB-9306-8A1CEEAC440E}
	EndGlobalSection
EndGlobal
